
Microsoft Visual Studio Solution File, Format Version 12.00
# Visual Studio Version 17
VisualStudioVersion = 17.0.31903.59
MinimumVisualStudioVersion = 10.0.40219.1
Project("{FAE04EC0-301F-11D3-BF4B-00C04F79EFBC}") = "kursovaya", "kursovaya\kursovaya.csproj", "{52803F06-F3B6-49F4-8B44-43199BD7B35F}"
EndProject
Project("{FAE04EC0-301F-11D3-BF4B-00C04F79EFBC}") = "WebAppClient", "WebAppClient\WebAppClient.csproj", "{394DEDFF-3D26-41FA-A6E0-1355BD96E2C2}"
EndProject
Project("{FAE04EC0-301F-11D3-BF4B-00C04F79EFBC}") = "UniTests", "UniTests\UniTests.csproj", "{732456B8-8244-439E-8F55-0844A505C098}"
EndProject
Global
	GlobalSection(SolutionConfigurationPlatforms) = preSolution
		Debug|Any CPU = Debug|Any CPU
		Release|Any CPU = Release|Any CPU
	EndGlobalSection
	GlobalSection(SolutionProperties) = preSolution
		HideSolutionNode = FALSE
	EndGlobalSection
	GlobalSection(ProjectConfigurationPlatforms) = postSolution
		{52803F06-F3B6-49F4-8B44-43199BD7B35F}.Debug|Any CPU.ActiveCfg = Debug|Any CPU
		{52803F06-F3B6-49F4-8B44-43199BD7B35F}.Debug|Any CPU.Build.0 = Debug|Any CPU
		{52803F06-F3B6-49F4-8B44-43199BD7B35F}.Release|Any CPU.ActiveCfg = Release|Any CPU
		{52803F06-F3B6-49F4-8B44-43199BD7B35F}.Release|Any CPU.Build.0 = Release|Any CPU
		{394DEDFF-3D26-41FA-A6E0-1355BD96E2C2}.Debug|Any CPU.ActiveCfg = Debug|Any CPU
		{394DEDFF-3D26-41FA-A6E0-1355BD96E2C2}.Debug|Any CPU.Build.0 = Debug|Any CPU
		{394DEDFF-3D26-41FA-A6E0-1355BD96E2C2}.Release|Any CPU.ActiveCfg = Release|Any CPU
		{394DEDFF-3D26-41FA-A6E0-1355BD96E2C2}.Release|Any CPU.Build.0 = Release|Any CPU
		{732456B8-8244-439E-8F55-0844A505C098}.Debug|Any CPU.ActiveCfg = Debug|Any CPU
		{732456B8-8244-439E-8F55-0844A505C098}.Debug|Any CPU.Build.0 = Debug|Any CPU
		{732456B8-8244-439E-8F55-0844A505C098}.Release|Any CPU.ActiveCfg = Release|Any CPU
		{732456B8-8244-439E-8F55-0844A505C098}.Release|Any CPU.Build.0 = Release|Any CPU
	EndGlobalSection
EndGlobal
